// !$*UTF8*$!
{
	archiveVersion = 1;
	classes = {
	};
	objectVersion = 50;
	objects = {

/* Begin PBXBuildFile section */
		1E2F31532510CB39003CCC28 /* AppDelegate.swift in Sources */ = {isa = PBXBuildFile; fileRef = 1E2F31522510CB39003CCC28 /* AppDelegate.swift */; };
		1E2F31552510CB39003CCC28 /* ViewController.swift in Sources */ = {isa = PBXBuildFile; fileRef = 1E2F31542510CB39003CCC28 /* ViewController.swift */; };
		1E2F31572510CB3A003CCC28 /* Assets.xcassets in Resources */ = {isa = PBXBuildFile; fileRef = 1E2F31562510CB3A003CCC28 /* Assets.xcassets */; };
		1E2F315A2510CB3A003CCC28 /* Main.storyboard in Resources */ = {isa = PBXBuildFile; fileRef = 1E2F31582510CB3A003CCC28 /* Main.storyboard */; };
/* End PBXBuildFile section */

/* Begin PBXFileReference section */
		1E2F314F2510CB39003CCC28 /* AQI Status.app */ = {isa = PBXFileReference; explicitFileType = wrapper.application; includeInIndex = 0; path = "AQI Status.app"; sourceTree = BUILT_PRODUCTS_DIR; };
		1E2F31522510CB39003CCC28 /* AppDelegate.swift */ = {isa = PBXFileReference; lastKnownFileType = sourcecode.swift; path = AppDelegate.swift; sourceTree = "<group>"; };
		1E2F31542510CB39003CCC28 /* ViewController.swift */ = {isa = PBXFileReference; lastKnownFileType = sourcecode.swift; path = ViewController.swift; sourceTree = "<group>"; };
		1E2F31562510CB3A003CCC28 /* Assets.xcassets */ = {isa = PBXFileReference; lastKnownFileType = folder.assetcatalog; path = Assets.xcassets; sourceTree = "<group>"; };
		1E2F31592510CB3A003CCC28 /* Base */ = {isa = PBXFileReference; lastKnownFileType = file.storyboard; name = Base; path = Base.lproj/Main.storyboard; sourceTree = "<group>"; };
		1E2F315B2510CB3A003CCC28 /* Info.plist */ = {isa = PBXFileReference; lastKnownFileType = text.plist.xml; path = Info.plist; sourceTree = "<group>"; };
		1E2F315C2510CB3A003CCC28 /* AQI_Status.entitlements */ = {isa = PBXFileReference; lastKnownFileType = text.plist.entitlements; path = AQI_Status.entitlements; sourceTree = "<group>"; };
/* End PBXFileReference section */

/* Begin PBXFrameworksBuildPhase section */
		1E2F314C2510CB39003CCC28 /* Frameworks */ = {
			isa = PBXFrameworksBuildPhase;
			buildActionMask = 2147483647;
			files = (
			);
			runOnlyForDeploymentPostprocessing = 0;
		};
/* End PBXFrameworksBuildPhase section */

/* Begin PBXGroup section */
		1E2F31462510CB39003CCC28 = {
			isa = PBXGroup;
			children = (
				1E2F31512510CB39003CCC28 /* AQI Status */,
				1E2F31502510CB39003CCC28 /* Products */,
			);
			sourceTree = "<group>";
		};
		1E2F31502510CB39003CCC28 /* Products */ = {
			isa = PBXGroup;
			children = (
				1E2F314F2510CB39003CCC28 /* AQI Status.app */,
			);
			name = Products;
			sourceTree = "<group>";
		};
		1E2F31512510CB39003CCC28 /* AQI Status */ = {
			isa = PBXGroup;
			children = (
				1E2F31522510CB39003CCC28 /* AppDelegate.swift */,
				1E2F31542510CB39003CCC28 /* ViewController.swift */,
				1E2F31562510CB3A003CCC28 /* Assets.xcassets */,
				1E2F31582510CB3A003CCC28 /* Main.storyboard */,
				1E2F315B2510CB3A003CCC28 /* Info.plist */,
				1E2F315C2510CB3A003CCC28 /* AQI_Status.entitlements */,
			);
			path = "AQI Status";
			sourceTree = "<group>";
		};
/* End PBXGroup section */

/* Begin PBXNativeTarget section */
		1E2F314E2510CB39003CCC28 /* AQI Status */ = {
			isa = PBXNativeTarget;
			buildConfigurationList = 1E2F315F2510CB3A003CCC28 /* Build configuration list for PBXNativeTarget "AQI Status" */;
			buildPhases = (
				1E2F314B2510CB39003CCC28 /* Sources */,
				1E2F314C2510CB39003CCC28 /* Frameworks */,
				1E2F314D2510CB39003CCC28 /* Resources */,
			);
			buildRules = (
			);
			dependencies = (
			);
			name = "AQI Status";
			productName = "AQI Status";
			productReference = 1E2F314F2510CB39003CCC28 /* AQI Status.app */;
			productType = "com.apple.product-type.application";
		};
/* End PBXNativeTarget section */

/* Begin PBXProject section */
		1E2F31472510CB39003CCC28 /* Project object */ = {
			isa = PBXProject;
			attributes = {
				LastSwiftUpdateCheck = 1170;
				LastUpgradeCheck = 1170;
				ORGANIZATIONNAME = "John Abendroth";
				TargetAttributes = {
					1E2F314E2510CB39003CCC28 = {
						CreatedOnToolsVersion = 11.7;
					};
				};
			};
			buildConfigurationList = 1E2F314A2510CB39003CCC28 /* Build configuration list for PBXProject "AQI Status" */;
			compatibilityVersion = "Xcode 9.3";
			developmentRegion = en;
			hasScannedForEncodings = 0;
			knownRegions = (
				en,
				Base,
			);
			mainGroup = 1E2F31462510CB39003CCC28;
			productRefGroup = 1E2F31502510CB39003CCC28 /* Products */;
			projectDirPath = "";
			projectRoot = "";
			targets = (
				1E2F314E2510CB39003CCC28 /* AQI Status */,
			);
		};
/* End PBXProject section */

/* Begin PBXResourcesBuildPhase section */
		1E2F314D2510CB39003CCC28 /* Resources */ = {
			isa = PBXResourcesBuildPhase;
			buildActionMask = 2147483647;
			files = (
				1E2F31572510CB3A003CCC28 /* Assets.xcassets in Resources */,
				1E2F315A2510CB3A003CCC28 /* Main.storyboard in Resources */,
			);
			runOnlyForDeploymentPostprocessing = 0;
		};
/* End PBXResourcesBuildPhase section */

/* Begin PBXSourcesBuildPhase section */
		1E2F314B2510CB39003CCC28 /* Sources */ = {
			isa = PBXSourcesBuildPhase;
			buildActionMask = 2147483647;
			files = (
				1E2F31552510CB39003CCC28 /* ViewController.swift in Sources */,
				1E2F31532510CB39003CCC28 /* AppDelegate.swift in Sources */,
			);
			runOnlyForDeploymentPostprocessing = 0;
		};
/* End PBXSourcesBuildPhase section */

/* Begin PBXVariantGroup section */
		1E2F31582510CB3A003CCC28 /* Main.storyboard */ = {
			isa = PBXVariantGroup;
			children = (
				1E2F31592510CB3A003CCC28 /* Base */,
			);
			name = Main.storyboard;
			sourceTree = "<group>";
		};
/* End PBXVariantGroup section */

/* Begin XCBuildConfiguration section */
		1E2F315D2510CB3A003CCC28 /* Debug */ = {
			isa = XCBuildConfiguration;
			buildSettings = {
				ALWAYS_SEARCH_USER_PATHS = NO;
				CLANG_ANALYZER_NONNULL = YES;
				CLANG_ANALYZER_NUMBER_OBJECT_CONVERSION = YES_AGGRESSIVE;
				CLANG_CXX_LANGUAGE_STANDARD = "gnu++14";
				CLANG_CXX_LIBRARY = "libc++";
				CLANG_ENABLE_MODULES = YES;
				CLANG_ENABLE_OBJC_ARC = YES;
				CLANG_ENABLE_OBJC_WEAK = YES;
				CLANG_WARN_BLOCK_CAPTURE_AUTORELEASING = YES;
				CLANG_WARN_BOOL_CONVERSION = YES;
				CLANG_WARN_COMMA = YES;
				CLANG_WARN_CONSTANT_CONVERSION = YES;
				CLANG_WARN_DEPRECATED_OBJC_IMPLEMENTATIONS = YES;
				CLANG_WARN_DIRECT_OBJC_ISA_USAGE = YES_ERROR;
				CLANG_WARN_DOCUMENTATION_COMMENTS = YES;
				CLANG_WARN_EMPTY_BODY = YES;
				CLANG_WARN_ENUM_CONVERSION = YES;
				CLANG_WARN_INFINITE_RECURSION = YES;
				CLANG_WARN_INT_CONVERSION = YES;
				CLANG_WARN_NON_LITERAL_NULL_CONVERSION = YES;
				CLANG_WARN_OBJC_IMPLICIT_RETAIN_SELF = YES;
				CLANG_WARN_OBJC_LITERAL_CONVERSION = YES;
				CLANG_WARN_OBJC_ROOT_CLASS = YES_ERROR;
				CLANG_WARN_RANGE_LOOP_ANALYSIS = YES;
				CLANG_WARN_STRICT_PROTOTYPES = YES;
				CLANG_WARN_SUSPICIOUS_MOVE = YES;
				CLANG_WARN_UNGUARDED_AVAILABILITY = YES_AGGRESSIVE;
				CLANG_WARN_UNREACHABLE_CODE = YES;
				CLANG_WARN__DUPLICATE_METHOD_MATCH = YES;
				COPY_PHASE_STRIP = NO;
				DEBUG_INFORMATION_FORMAT = dwarf;
				ENABLE_STRICT_OBJC_MSGSEND = YES;
				ENABLE_TESTABILITY = YES;
				GCC_C_LANGUAGE_STANDARD = gnu11;
				GCC_DYNAMIC_NO_PIC = NO;
				GCC_NO_COMMON_BLOCKS = YES;
				GCC_OPTIMIZATION_LEVEL = 0;
				GCC_PREPROCESSOR_DEFINITIONS = (
					"DEBUG=1",
					"$(inherited)",
				);
				GCC_WARN_64_TO_32_BIT_CONVERSION = YES;
				GCC_WARN_ABOUT_RETURN_TYPE = YES_ERROR;
				GCC_WARN_UNDECLARED_SELECTOR = YES;
				GCC_WARN_UNINITIALIZED_AUTOS = YES_AGGRESSIVE;
				GCC_WARN_UNUSED_FUNCTION = YES;
				GCC_WARN_UNUSED_VARIABLE = YES;
				MACOSX_DEPLOYMENT_TARGET = 10.15;
				MTL_ENABLE_DEBUG_INFO = INCLUDE_SOURCE;
				MTL_FAST_MATH = YES;
				ONLY_ACTIVE_ARCH = YES;
				SDKROOT = macosx;
				SWIFT_ACTIVE_COMPILATION_CONDITIONS = DEBUG;
				SWIFT_OPTIMIZATION_LEVEL = "-Onone";
			};
			name = Debug;
		};
		1E2F315E2510CB3A003CCC28 /* Release */ = {
			isa = XCBuildConfiguration;
			buildSettings = {
				ALWAYS_SEARCH_USER_PATHS = NO;
				CLANG_ANALYZER_NONNULL = YES;
				CLANG_ANALYZER_NUMBER_OBJECT_CONVERSION = YES_AGGRESSIVE;
				CLANG_CXX_LANGUAGE_STANDARD = "gnu++14";
				CLANG_CXX_LIBRARY = "libc++";
				CLANG_ENABLE_MODULES = YES;
				CLANG_ENABLE_OBJC_ARC = YES;
				CLANG_ENABLE_OBJC_WEAK = YES;
				CLANG_WARN_BLOCK_CAPTURE_AUTORELEASING = YES;
				CLANG_WARN_BOOL_CONVERSION = YES;
				CLANG_WARN_COMMA = YES;
				CLANG_WARN_CONSTANT_CONVERSION = YES;
				CLANG_WARN_DEPRECATED_OBJC_IMPLEMENTATIONS = YES;
				CLANG_WARN_DIRECT_OBJC_ISA_USAGE = YES_ERROR;
				CLANG_WARN_DOCUMENTATION_COMMENTS = YES;
				CLANG_WARN_EMPTY_BODY = YES;
				CLANG_WARN_ENUM_CONVERSION = YES;
				CLANG_WARN_INFINITE_RECURSION = YES;
				CLANG_WARN_INT_CONVERSION = YES;
				CLANG_WARN_NON_LITERAL_NULL_CONVERSION = YES;
				CLANG_WARN_OBJC_IMPLICIT_RETAIN_SELF = YES;
				CLANG_WARN_OBJC_LITERAL_CONVERSION = YES;
				CLANG_WARN_OBJC_ROOT_CLASS = YES_ERROR;
				CLANG_WARN_RANGE_LOOP_ANALYSIS = YES;
				CLANG_WARN_STRICT_PROTOTYPES = YES;
				CLANG_WARN_SUSPICIOUS_MOVE = YES;
				CLANG_WARN_UNGUARDED_AVAILABILITY = YES_AGGRESSIVE;
				CLANG_WARN_UNREACHABLE_CODE = YES;
				CLANG_WARN__DUPLICATE_METHOD_MATCH = YES;
				COPY_PHASE_STRIP = NO;
				DEBUG_INFORMATION_FORMAT = "dwarf-with-dsym";
				ENABLE_NS_ASSERTIONS = NO;
				ENABLE_STRICT_OBJC_MSGSEND = YES;
				GCC_C_LANGUAGE_STANDARD = gnu11;
				GCC_NO_COMMON_BLOCKS = YES;
				GCC_WARN_64_TO_32_BIT_CONVERSION = YES;
				GCC_WARN_ABOUT_RETURN_TYPE = YES_ERROR;
				GCC_WARN_UNDECLARED_SELECTOR = YES;
				GCC_WARN_UNINITIALIZED_AUTOS = YES_AGGRESSIVE;
				GCC_WARN_UNUSED_FUNCTION = YES;
				GCC_WARN_UNUSED_VARIABLE = YES;
				MACOSX_DEPLOYMENT_TARGET = 10.15;
				MTL_ENABLE_DEBUG_INFO = NO;
				MTL_FAST_MATH = YES;
				SDKROOT = macosx;
				SWIFT_COMPILATION_MODE = wholemodule;
				SWIFT_OPTIMIZATION_LEVEL = "-O";
			};
			name = Release;
		};
		1E2F31602510CB3A003CCC28 /* Debug */ = {
			isa = XCBuildConfiguration;
			buildSettings = {
				ASSETCATALOG_COMPILER_APPICON_NAME = AppIcon;
				CODE_SIGN_ENTITLEMENTS = "AQI Status/AQI_Status.entitlements";
				CODE_SIGN_STYLE = Automatic;
				COMBINE_HIDPI_IMAGES = YES;
				DEVELOPMENT_TEAM = FMZ577KNDX;
				ENABLE_HARDENED_RUNTIME = YES;
				INFOPLIST_FILE = "AQI Status/Info.plist";
				LD_RUNPATH_SEARCH_PATHS = (
					"$(inherited)",
					"@executable_path/../Frameworks",
				);
				PRODUCT_BUNDLE_IDENTIFIER = "John-Abendroth.AQI-Status";
				PRODUCT_NAME = "$(TARGET_NAME)";
				SWIFT_VERSION = 5.0;
			};
			name = Debug;
		};
		1E2F31612510CB3A003CCC28 /* Release */ = {
			isa = XCBuildConfiguration;
			buildSettings = {
				ASSETCATALOG_COMPILER_APPICON_NAME = AppIcon;
				CODE_SIGN_ENTITLEMENTS = "AQI Status/AQI_Status.entitlements";
				CODE_SIGN_STYLE = Automatic;
				COMBINE_HIDPI_IMAGES = YES;
				DEVELOPMENT_TEAM = FMZ577KNDX;
				ENABLE_HARDENED_RUNTIME = YES;
				INFOPLIST_FILE = "AQI Status/Info.plist";
				LD_RUNPATH_SEARCH_PATHS = (
					"$(inherited)",
					"@executable_path/../Frameworks",
				);
				PRODUCT_BUNDLE_IDENTIFIER = "John-Abendroth.AQI-Status";
				PRODUCT_NAME = "$(TARGET_NAME)";
				SWIFT_VERSION = 5.0;
			};
			name = Release;
		};
/* End XCBuildConfiguration section */

/* Begin XCConfigurationList section */
		1E2F314A2510CB39003CCC28 /* Build configuration list for PBXProject "AQI Status" */ = {
			isa = XCConfigurationList;
			buildConfigurations = (
				1E2F315D2510CB3A003CCC28 /* Debug */,
				1E2F315E2510CB3A003CCC28 /* Release */,
			);
			defaultConfigurationIsVisible = 0;
			defaultConfigurationName = Release;
		};
		1E2F315F2510CB3A003CCC28 /* Build configuration list for PBXNativeTarget "AQI Status" */ = {
			isa = XCConfigurationList;
			buildConfigurations = (
				1E2F31602510CB3A003CCC28 /* Debug */,
				1E2F31612510CB3A003CCC28 /* Release */,
			);
			defaultConfigurationIsVisible = 0;
			defaultConfigurationName = Release;
		};
/* End XCConfigurationList section */
	};
	rootObject = 1E2F31472510CB39003CCC28 /* Project object */;
}
